// !$*UTF8*$!
{
	archiveVersion = 1;
	classes = {
	};
	objectVersion = 50;
	objects = {

/* Begin PBXBuildFile section */
		857D940725699EC50028BAE8 /* AppDelegate.swift in Sources */ = {isa = PBXBuildFile; fileRef = 857D940625699EC50028BAE8 /* AppDelegate.swift */; };
		857D940925699EC50028BAE8 /* SceneDelegate.swift in Sources */ = {isa = PBXBuildFile; fileRef = 857D940825699EC50028BAE8 /* SceneDelegate.swift */; };
		857D940B25699EC50028BAE8 /* ConversationsViewController.swift in Sources */ = {isa = PBXBuildFile; fileRef = 857D940A25699EC50028BAE8 /* ConversationsViewController.swift */; };
		857D940E25699EC50028BAE8 /* Main.storyboard in Resources */ = {isa = PBXBuildFile; fileRef = 857D940C25699EC50028BAE8 /* Main.storyboard */; };
		857D941025699EC70028BAE8 /* Assets.xcassets in Resources */ = {isa = PBXBuildFile; fileRef = 857D940F25699EC70028BAE8 /* Assets.xcassets */; };
		857D941325699EC70028BAE8 /* LaunchScreen.storyboard in Resources */ = {isa = PBXBuildFile; fileRef = 857D941125699EC70028BAE8 /* LaunchScreen.storyboard */; };
		857D94252569A4B90028BAE8 /* LoginViewController.swift in Sources */ = {isa = PBXBuildFile; fileRef = 857D94242569A4B90028BAE8 /* LoginViewController.swift */; };
		857D94282569A4DB0028BAE8 /* RegisterViewController.swift in Sources */ = {isa = PBXBuildFile; fileRef = 857D94272569A4DB0028BAE8 /* RegisterViewController.swift */; };
		857D942B2569A5020028BAE8 /* PhotoViewerViewController.swift in Sources */ = {isa = PBXBuildFile; fileRef = 857D942A2569A5020028BAE8 /* PhotoViewerViewController.swift */; };
		857D942E2569A52C0028BAE8 /* VideoPlayerViewController.swift in Sources */ = {isa = PBXBuildFile; fileRef = 857D942D2569A52C0028BAE8 /* VideoPlayerViewController.swift */; };
		857D94312569A5630028BAE8 /* NewConversationViewController.swift in Sources */ = {isa = PBXBuildFile; fileRef = 857D94302569A5630028BAE8 /* NewConversationViewController.swift */; };
		857D94342569A5800028BAE8 /* ProfilViewController.swift in Sources */ = {isa = PBXBuildFile; fileRef = 857D94332569A5800028BAE8 /* ProfilViewController.swift */; };
/* End PBXBuildFile section */

/* Begin PBXFileReference section */
		857D940325699EC50028BAE8 /* Messenger.app */ = {isa = PBXFileReference; explicitFileType = wrapper.application; includeInIndex = 0; path = Messenger.app; sourceTree = BUILT_PRODUCTS_DIR; };
		857D940625699EC50028BAE8 /* AppDelegate.swift */ = {isa = PBXFileReference; lastKnownFileType = sourcecode.swift; path = AppDelegate.swift; sourceTree = "<group>"; };
		857D940825699EC50028BAE8 /* SceneDelegate.swift */ = {isa = PBXFileReference; lastKnownFileType = sourcecode.swift; path = SceneDelegate.swift; sourceTree = "<group>"; };
		857D940A25699EC50028BAE8 /* ConversationsViewController.swift */ = {isa = PBXFileReference; lastKnownFileType = sourcecode.swift; path = ConversationsViewController.swift; sourceTree = "<group>"; };
		857D940D25699EC50028BAE8 /* Base */ = {isa = PBXFileReference; lastKnownFileType = file.storyboard; name = Base; path = Base.lproj/Main.storyboard; sourceTree = "<group>"; };
		857D940F25699EC70028BAE8 /* Assets.xcassets */ = {isa = PBXFileReference; lastKnownFileType = folder.assetcatalog; path = Assets.xcassets; sourceTree = "<group>"; };
		857D941225699EC70028BAE8 /* Base */ = {isa = PBXFileReference; lastKnownFileType = file.storyboard; name = Base; path = Base.lproj/LaunchScreen.storyboard; sourceTree = "<group>"; };
		857D941425699EC70028BAE8 /* Info.plist */ = {isa = PBXFileReference; lastKnownFileType = text.plist.xml; path = Info.plist; sourceTree = "<group>"; };
		857D94242569A4B90028BAE8 /* LoginViewController.swift */ = {isa = PBXFileReference; lastKnownFileType = sourcecode.swift; path = LoginViewController.swift; sourceTree = "<group>"; };
		857D94272569A4DB0028BAE8 /* RegisterViewController.swift */ = {isa = PBXFileReference; lastKnownFileType = sourcecode.swift; path = RegisterViewController.swift; sourceTree = "<group>"; };
		857D942A2569A5020028BAE8 /* PhotoViewerViewController.swift */ = {isa = PBXFileReference; lastKnownFileType = sourcecode.swift; path = PhotoViewerViewController.swift; sourceTree = "<group>"; };
		857D942D2569A52C0028BAE8 /* VideoPlayerViewController.swift */ = {isa = PBXFileReference; lastKnownFileType = sourcecode.swift; path = VideoPlayerViewController.swift; sourceTree = "<group>"; };
		857D94302569A5630028BAE8 /* NewConversationViewController.swift */ = {isa = PBXFileReference; lastKnownFileType = sourcecode.swift; path = NewConversationViewController.swift; sourceTree = "<group>"; };
		857D94332569A5800028BAE8 /* ProfilViewController.swift */ = {isa = PBXFileReference; lastKnownFileType = sourcecode.swift; path = ProfilViewController.swift; sourceTree = "<group>"; };
/* End PBXFileReference section */

/* Begin PBXFrameworksBuildPhase section */
		857D940025699EC50028BAE8 /* Frameworks */ = {
			isa = PBXFrameworksBuildPhase;
			buildActionMask = 2147483647;
			files = (
			);
			runOnlyForDeploymentPostprocessing = 0;
		};
/* End PBXFrameworksBuildPhase section */

/* Begin PBXGroup section */
		857D93FA25699EC50028BAE8 = {
			isa = PBXGroup;
			children = (
				857D940525699EC50028BAE8 /* Messenger */,
				857D940425699EC50028BAE8 /* Products */,
			);
			sourceTree = "<group>";
		};
		857D940425699EC50028BAE8 /* Products */ = {
			isa = PBXGroup;
			children = (
				857D940325699EC50028BAE8 /* Messenger.app */,
			);
			name = Products;
			sourceTree = "<group>";
		};
		857D940525699EC50028BAE8 /* Messenger */ = {
			isa = PBXGroup;
			children = (
				857D941F2569A32B0028BAE8 /* Resources */,
				857D941E2569A3190028BAE8 /* ViewModels */,
				857D941D2569A30D0028BAE8 /* Models */,
				857D941C2569A2F20028BAE8 /* Views */,
				857D941B2569A2D40028BAE8 /* Controllers */,
				857D941425699EC70028BAE8 /* Info.plist */,
			);
			path = Messenger;
			sourceTree = "<group>";
		};
		857D941B2569A2D40028BAE8 /* Controllers */ = {
			isa = PBXGroup;
			children = (
				857D940A25699EC50028BAE8 /* ConversationsViewController.swift */,
				857D94242569A4B90028BAE8 /* LoginViewController.swift */,
				857D94272569A4DB0028BAE8 /* RegisterViewController.swift */,
				857D942A2569A5020028BAE8 /* PhotoViewerViewController.swift */,
				857D942D2569A52C0028BAE8 /* VideoPlayerViewController.swift */,
				857D94302569A5630028BAE8 /* NewConversationViewController.swift */,
				857D94332569A5800028BAE8 /* ProfilViewController.swift */,
			);
			path = Controllers;
			sourceTree = "<group>";
		};
		857D941C2569A2F20028BAE8 /* Views */ = {
			isa = PBXGroup;
			children = (
				857D94202569A36D0028BAE8 /* Storyboards */,
				857D940F25699EC70028BAE8 /* Assets.xcassets */,
			);
			path = Views;
			sourceTree = "<group>";
		};
		857D941D2569A30D0028BAE8 /* Models */ = {
			isa = PBXGroup;
			children = (
			);
			path = Models;
			sourceTree = "<group>";
		};
		857D941E2569A3190028BAE8 /* ViewModels */ = {
			isa = PBXGroup;
			children = (
			);
			path = ViewModels;
			sourceTree = "<group>";
		};
		857D941F2569A32B0028BAE8 /* Resources */ = {
			isa = PBXGroup;
			children = (
				857D940625699EC50028BAE8 /* AppDelegate.swift */,
				857D940825699EC50028BAE8 /* SceneDelegate.swift */,
			);
			path = Resources;
			sourceTree = "<group>";
		};
		857D94202569A36D0028BAE8 /* Storyboards */ = {
			isa = PBXGroup;
			children = (
				857D940C25699EC50028BAE8 /* Main.storyboard */,
				857D941125699EC70028BAE8 /* LaunchScreen.storyboard */,
			);
			path = Storyboards;
			sourceTree = "<group>";
		};
/* End PBXGroup section */

/* Begin PBXNativeTarget section */
		857D940225699EC50028BAE8 /* Messenger */ = {
			isa = PBXNativeTarget;
			buildConfigurationList = 857D941725699EC70028BAE8 /* Build configuration list for PBXNativeTarget "Messenger" */;
			buildPhases = (
				857D93FF25699EC50028BAE8 /* Sources */,
				857D940025699EC50028BAE8 /* Frameworks */,
				857D940125699EC50028BAE8 /* Resources */,
			);
			buildRules = (
			);
			dependencies = (
			);
			name = Messenger;
			productName = Messenger;
			productReference = 857D940325699EC50028BAE8 /* Messenger.app */;
			productType = "com.apple.product-type.application";
		};
/* End PBXNativeTarget section */

/* Begin PBXProject section */
		857D93FB25699EC50028BAE8 /* Project object */ = {
			isa = PBXProject;
			attributes = {
				LastSwiftUpdateCheck = 1210;
				LastUpgradeCheck = 1210;
				TargetAttributes = {
					857D940225699EC50028BAE8 = {
						CreatedOnToolsVersion = 12.1;
					};
				};
			};
			buildConfigurationList = 857D93FE25699EC50028BAE8 /* Build configuration list for PBXProject "Messenger" */;
			compatibilityVersion = "Xcode 9.3";
			developmentRegion = en;
			hasScannedForEncodings = 0;
			knownRegions = (
				en,
				Base,
			);
			mainGroup = 857D93FA25699EC50028BAE8;
			productRefGroup = 857D940425699EC50028BAE8 /* Products */;
			projectDirPath = "";
			projectRoot = "";
			targets = (
				857D940225699EC50028BAE8 /* Messenger */,
			);
		};
/* End PBXProject section */

/* Begin PBXResourcesBuildPhase section */
		857D940125699EC50028BAE8 /* Resources */ = {
			isa = PBXResourcesBuildPhase;
			buildActionMask = 2147483647;
			files = (
				857D941325699EC70028BAE8 /* LaunchScreen.storyboard in Resources */,
				857D941025699EC70028BAE8 /* Assets.xcassets in Resources */,
				857D940E25699EC50028BAE8 /* Main.storyboard in Resources */,
			);
			runOnlyForDeploymentPostprocessing = 0;
		};
/* End PBXResourcesBuildPhase section */

/* Begin PBXSourcesBuildPhase section */
		857D93FF25699EC50028BAE8 /* Sources */ = {
			isa = PBXSourcesBuildPhase;
			buildActionMask = 2147483647;
			files = (
				857D94252569A4B90028BAE8 /* LoginViewController.swift in Sources */,
				857D94282569A4DB0028BAE8 /* RegisterViewController.swift in Sources */,
				857D94312569A5630028BAE8 /* NewConversationViewController.swift in Sources */,
				857D94342569A5800028BAE8 /* ProfilViewController.swift in Sources */,
				857D940B25699EC50028BAE8 /* ConversationsViewController.swift in Sources */,
				857D942E2569A52C0028BAE8 /* VideoPlayerViewController.swift in Sources */,
				857D940725699EC50028BAE8 /* AppDelegate.swift in Sources */,
				857D940925699EC50028BAE8 /* SceneDelegate.swift in Sources */,
				857D942B2569A5020028BAE8 /* PhotoViewerViewController.swift in Sources */,
			);
			runOnlyForDeploymentPostprocessing = 0;
		};
/* End PBXSourcesBuildPhase section */

/* Begin PBXVariantGroup section */
		857D940C25699EC50028BAE8 /* Main.storyboard */ = {
			isa = PBXVariantGroup;
			children = (
				857D940D25699EC50028BAE8 /* Base */,
			);
			name = Main.storyboard;
			sourceTree = "<group>";
		};
		857D941125699EC70028BAE8 /* LaunchScreen.storyboard */ = {
			isa = PBXVariantGroup;
			children = (
				857D941225699EC70028BAE8 /* Base */,
			);
			name = LaunchScreen.storyboard;
			sourceTree = "<group>";
		};
/* End PBXVariantGroup section */

/* Begin XCBuildConfiguration section */
		857D941525699EC70028BAE8 /* Debug */ = {
			isa = XCBuildConfiguration;
			buildSettings = {
				ALWAYS_SEARCH_USER_PATHS = NO;
				CLANG_ANALYZER_NONNULL = YES;
				CLANG_ANALYZER_NUMBER_OBJECT_CONVERSION = YES_AGGRESSIVE;
				CLANG_CXX_LANGUAGE_STANDARD = "gnu++14";
				CLANG_CXX_LIBRARY = "libc++";
				CLANG_ENABLE_MODULES = YES;
				CLANG_ENABLE_OBJC_ARC = YES;
				CLANG_ENABLE_OBJC_WEAK = YES;
				CLANG_WARN_BLOCK_CAPTURE_AUTORELEASING = YES;
				CLANG_WARN_BOOL_CONVERSION = YES;
				CLANG_WARN_COMMA = YES;
				CLANG_WARN_CONSTANT_CONVERSION = YES;
				CLANG_WARN_DEPRECATED_OBJC_IMPLEMENTATIONS = YES;
				CLANG_WARN_DIRECT_OBJC_ISA_USAGE = YES_ERROR;
				CLANG_WARN_DOCUMENTATION_COMMENTS = YES;
				CLANG_WARN_EMPTY_BODY = YES;
				CLANG_WARN_ENUM_CONVERSION = YES;
				CLANG_WARN_INFINITE_RECURSION = YES;
				CLANG_WARN_INT_CONVERSION = YES;
				CLANG_WARN_NON_LITERAL_NULL_CONVERSION = YES;
				CLANG_WARN_OBJC_IMPLICIT_RETAIN_SELF = YES;
				CLANG_WARN_OBJC_LITERAL_CONVERSION = YES;
				CLANG_WARN_OBJC_ROOT_CLASS = YES_ERROR;
				CLANG_WARN_QUOTED_INCLUDE_IN_FRAMEWORK_HEADER = YES;
				CLANG_WARN_RANGE_LOOP_ANALYSIS = YES;
				CLANG_WARN_STRICT_PROTOTYPES = YES;
				CLANG_WARN_SUSPICIOUS_MOVE = YES;
				CLANG_WARN_UNGUARDED_AVAILABILITY = YES_AGGRESSIVE;
				CLANG_WARN_UNREACHABLE_CODE = YES;
				CLANG_WARN__DUPLICATE_METHOD_MATCH = YES;
				COPY_PHASE_STRIP = NO;
				DEBUG_INFORMATION_FORMAT = dwarf;
				ENABLE_STRICT_OBJC_MSGSEND = YES;
				ENABLE_TESTABILITY = YES;
				GCC_C_LANGUAGE_STANDARD = gnu11;
				GCC_DYNAMIC_NO_PIC = NO;
				GCC_NO_COMMON_BLOCKS = YES;
				GCC_OPTIMIZATION_LEVEL = 0;
				GCC_PREPROCESSOR_DEFINITIONS = (
					"DEBUG=1",
					"$(inherited)",
				);
				GCC_WARN_64_TO_32_BIT_CONVERSION = YES;
				GCC_WARN_ABOUT_RETURN_TYPE = YES_ERROR;
				GCC_WARN_UNDECLARED_SELECTOR = YES;
				GCC_WARN_UNINITIALIZED_AUTOS = YES_AGGRESSIVE;
				GCC_WARN_UNUSED_FUNCTION = YES;
				GCC_WARN_UNUSED_VARIABLE = YES;
				IPHONEOS_DEPLOYMENT_TARGET = 14.1;
				MTL_ENABLE_DEBUG_INFO = INCLUDE_SOURCE;
				MTL_FAST_MATH = YES;
				ONLY_ACTIVE_ARCH = YES;
				SDKROOT = iphoneos;
				SWIFT_ACTIVE_COMPILATION_CONDITIONS = DEBUG;
				SWIFT_OPTIMIZATION_LEVEL = "-Onone";
			};
			name = Debug;
		};
		857D941625699EC70028BAE8 /* Release */ = {
			isa = XCBuildConfiguration;
			buildSettings = {
				ALWAYS_SEARCH_USER_PATHS = NO;
				CLANG_ANALYZER_NONNULL = YES;
				CLANG_ANALYZER_NUMBER_OBJECT_CONVERSION = YES_AGGRESSIVE;
				CLANG_CXX_LANGUAGE_STANDARD = "gnu++14";
				CLANG_CXX_LIBRARY = "libc++";
				CLANG_ENABLE_MODULES = YES;
				CLANG_ENABLE_OBJC_ARC = YES;
				CLANG_ENABLE_OBJC_WEAK = YES;
				CLANG_WARN_BLOCK_CAPTURE_AUTORELEASING = YES;
				CLANG_WARN_BOOL_CONVERSION = YES;
				CLANG_WARN_COMMA = YES;
				CLANG_WARN_CONSTANT_CONVERSION = YES;
				CLANG_WARN_DEPRECATED_OBJC_IMPLEMENTATIONS = YES;
				CLANG_WARN_DIRECT_OBJC_ISA_USAGE = YES_ERROR;
				CLANG_WARN_DOCUMENTATION_COMMENTS = YES;
				CLANG_WARN_EMPTY_BODY = YES;
				CLANG_WARN_ENUM_CONVERSION = YES;
				CLANG_WARN_INFINITE_RECURSION = YES;
				CLANG_WARN_INT_CONVERSION = YES;
				CLANG_WARN_NON_LITERAL_NULL_CONVERSION = YES;
				CLANG_WARN_OBJC_IMPLICIT_RETAIN_SELF = YES;
				CLANG_WARN_OBJC_LITERAL_CONVERSION = YES;
				CLANG_WARN_OBJC_ROOT_CLASS = YES_ERROR;
				CLANG_WARN_QUOTED_INCLUDE_IN_FRAMEWORK_HEADER = YES;
				CLANG_WARN_RANGE_LOOP_ANALYSIS = YES;
				CLANG_WARN_STRICT_PROTOTYPES = YES;
				CLANG_WARN_SUSPICIOUS_MOVE = YES;
				CLANG_WARN_UNGUARDED_AVAILABILITY = YES_AGGRESSIVE;
				CLANG_WARN_UNREACHABLE_CODE = YES;
				CLANG_WARN__DUPLICATE_METHOD_MATCH = YES;
				COPY_PHASE_STRIP = NO;
				DEBUG_INFORMATION_FORMAT = "dwarf-with-dsym";
				ENABLE_NS_ASSERTIONS = NO;
				ENABLE_STRICT_OBJC_MSGSEND = YES;
				GCC_C_LANGUAGE_STANDARD = gnu11;
				GCC_NO_COMMON_BLOCKS = YES;
				GCC_WARN_64_TO_32_BIT_CONVERSION = YES;
				GCC_WARN_ABOUT_RETURN_TYPE = YES_ERROR;
				GCC_WARN_UNDECLARED_SELECTOR = YES;
				GCC_WARN_UNINITIALIZED_AUTOS = YES_AGGRESSIVE;
				GCC_WARN_UNUSED_FUNCTION = YES;
				GCC_WARN_UNUSED_VARIABLE = YES;
				IPHONEOS_DEPLOYMENT_TARGET = 14.1;
				MTL_ENABLE_DEBUG_INFO = NO;
				MTL_FAST_MATH = YES;
				SDKROOT = iphoneos;
				SWIFT_COMPILATION_MODE = wholemodule;
				SWIFT_OPTIMIZATION_LEVEL = "-O";
				VALIDATE_PRODUCT = YES;
			};
			name = Release;
		};
		857D941825699EC70028BAE8 /* Debug */ = {
			isa = XCBuildConfiguration;
			buildSettings = {
				ASSETCATALOG_COMPILER_APPICON_NAME = AppIcon;
				ASSETCATALOG_COMPILER_GLOBAL_ACCENT_COLOR_NAME = AccentColor;
				CODE_SIGN_STYLE = Automatic;
				DEVELOPMENT_TEAM = 7AQA9Y6R5V;
				INFOPLIST_FILE = Messenger/Info.plist;
				IPHONEOS_DEPLOYMENT_TARGET = 14.0;
				LD_RUNPATH_SEARCH_PATHS = (
					"$(inherited)",
					"@executable_path/Frameworks",
				);
				PRODUCT_BUNDLE_IDENTIFIER = "com.alizee-gillouaye.Messenger";
				PRODUCT_NAME = "$(TARGET_NAME)";
				SWIFT_VERSION = 5.0;
				TARGETED_DEVICE_FAMILY = "1,2";
			};
			name = Debug;
		};
		857D941925699EC70028BAE8 /* Release */ = {
			isa = XCBuildConfiguration;
			buildSettings = {
				ASSETCATALOG_COMPILER_APPICON_NAME = AppIcon;
				ASSETCATALOG_COMPILER_GLOBAL_ACCENT_COLOR_NAME = AccentColor;
				CODE_SIGN_STYLE = Automatic;
				DEVELOPMENT_TEAM = 7AQA9Y6R5V;
				INFOPLIST_FILE = Messenger/Info.plist;
				IPHONEOS_DEPLOYMENT_TARGET = 14.0;
				LD_RUNPATH_SEARCH_PATHS = (
					"$(inherited)",
					"@executable_path/Frameworks",
				);
				PRODUCT_BUNDLE_IDENTIFIER = "com.alizee-gillouaye.Messenger";
				PRODUCT_NAME = "$(TARGET_NAME)";
				SWIFT_VERSION = 5.0;
				TARGETED_DEVICE_FAMILY = "1,2";
			};
			name = Release;
		};
/* End XCBuildConfiguration section */

/* Begin XCConfigurationList section */
		857D93FE25699EC50028BAE8 /* Build configuration list for PBXProject "Messenger" */ = {
			isa = XCConfigurationList;
			buildConfigurations = (
				857D941525699EC70028BAE8 /* Debug */,
				857D941625699EC70028BAE8 /* Release */,
			);
			defaultConfigurationIsVisible = 0;
			defaultConfigurationName = Release;
		};
		857D941725699EC70028BAE8 /* Build configuration list for PBXNativeTarget "Messenger" */ = {
			isa = XCConfigurationList;
			buildConfigurations = (
				857D941825699EC70028BAE8 /* Debug */,
				857D941925699EC70028BAE8 /* Release */,
			);
			defaultConfigurationIsVisible = 0;
			defaultConfigurationName = Release;
		};
/* End XCConfigurationList section */
	};
	rootObject = 857D93FB25699EC50028BAE8 /* Project object */;
}
